<Solution>
  <Folder Name="/src/">
    <Project Path="src/DiffPdf.Api/DiffPdf.Api.csproj" />
    <Project Path="src/DiffPdf.Application/DiffPdf.Application.csproj" />
    <Project Path="src/DiffPdf.Application.Abstractions/DiffPdf.Application.Abstractions.csproj" />
    <Project Path="src/DiffPdf.Client/DiffPdf.Client.csproj" />
    <Project Path="src/DiffPdf.Core/DiffPdf.Core.csproj" />
    <Project Path="src/DiffPdf.DesktopUI/DiffPdf.DesktopUI.csproj">
      <Build Solution="Debug|*" Project="false" />
      <Build Solution="Release|*" Project="false" />
    </Project>
    <Project Path="src/DiffPdf.Messaging/DiffPdf.Messaging.csproj" />
    <Project Path="src/DiffPdf.Notifications/DiffPdf.Notifications.csproj" />
    <Project Path="src/DiffPdf.Pdf/DiffPdf.Pdf.csproj" />
    <Project Path="src/DiffPdf.Persistence.Postgres/DiffPdf.Persistence.Postgres.csproj" />
    <Project Path="src/DiffPdf.Persistence.SqlServer/DiffPdf.Persistence.SqlServer.csproj" />
    <Project Path="src/DiffPdf.Persistence/DiffPdf.Persistence.csproj" />
    <Project Path="src/DiffPdf.Worker/DiffPdf.Worker.csproj" />
  </Folder>
  <Folder Name="/tests/">
    <Project Path="tests/DiffPdf.Client.Tests/DiffPdf.Client.Tests.csproj" />
    <Project Path="tests/DiffPdf.Core.Tests/DiffPdf.Core.Tests.csproj" />
    <Project Path="tests/DiffPdf.DesktopUI.Tests/DiffPdf.DesktopUI.Tests.csproj">
      <!-- Mirrors DiffPdf.DesktopUI: the desktop client + its tests are built/run on their own
           (dotnet test tests/DiffPdf.DesktopUI.Tests), not as part of the server solution build. -->
      <Build Solution="Debug|*" Project="false" />
      <Build Solution="Release|*" Project="false" />
    </Project>
  </Folder>
</Solution>
